{
  "name": "pactia",
  "version": "1.4.1",
  "lockfileVersion": 3,
  "requires": true,
  "packages": {
    "": {
      "name": "pactia",
      "version": "1.4.1",
      "license": "MIT",
      "devDependencies": {
        "@types/vscode": "^1.85.0",
        "typescript": "^5.3.0",
        "vscode-oniguruma": "^2.0.1",
        "vscode-textmate": "^9.1.0"
      },
      "engines": {
        "node": ">=20",
        "vscode": "^1.85.0"
      }
    },
    "node_modules/@types/vscode": {
      "version": "1.125.0",
      "resolved": "https://registry.npmjs.org/@types/vscode/-/vscode-1.125.0.tgz",
      "integrity": "sha512-0icm/ZQAaism87P0ekHqi4/Ju9du+Tm0RUW+y7vqRsxY2cY0FNRX1nAnaW7nT6npPt2tfHiheZ55Zm9UhqonFA==",
      "dev": true,
      "license": "MIT"
    },
    "node_modules/typescript": {
      "version": "5.9.3",
      "resolved": "https://registry.npmjs.org/typescript/-/typescript-5.9.3.tgz",
      "integrity": "sha512-jl1vZzPDinLr9eUt3J/t7V6FgNEw9QjvBPdysz9KfQDD41fQrC2Y4vKQdiaUpFT4bXlb1RHhLpp8wtm6M5TgSw==",
      "dev": true,
      "license": "Apache-2.0",
      "bin": {
        "tsc": "bin/tsc",
        "tsserver": "bin/tsserver"
      },
      "engines": {
        "node": ">=14.17"
      }
    },
    "node_modules/vscode-oniguruma": {
      "version": "2.0.1",
      "resolved": "https://registry.npmjs.org/vscode-oniguruma/-/vscode-oniguruma-2.0.1.tgz",
      "integrity": "sha512-poJU8iHIWnC3vgphJnrLZyI3YdqRlR27xzqDmpPXYzA93R4Gk8z7T6oqDzDoHjoikA2aS82crdXFkjELCdJsjQ==",
      "dev": true,
      "license": "MIT"
    },
    "node_modules/vscode-textmate": {
      "version": "9.3.2",
      "resolved": "https://registry.npmjs.org/vscode-textmate/-/vscode-textmate-9.3.2.tgz",
      "integrity": "sha512-n2uGbUcrjhUEBH16uGA0TvUfhWwliFZ1e3+pTjrkim1Mt7ydB41lV08aUvsi70OlzDWp6X7Bx3w/x3fAXIsN0Q==",
      "dev": true,
      "license": "MIT"
    }
  }
}
